
Microsoft Visual Studio Solution File, Format Version 12.00
# Visual Studio Version 17
VisualStudioVersion = 17.9.34728.123
MinimumVisualStudioVersion = 10.0.40219.1
Project("{FAE04EC0-301F-11D3-BF4B-00C04F79EFBC}") = "GPA Calculator", "GPA Calculator\GPA Calculator.csproj", "{4A319864-7AC5-4929-B23A-31794C8C1BB2}"
EndProject
Global
	GlobalSection(SolutionConfigurationPlatforms) = preSolution
		Debug|Any CPU = Debug|Any CPU
		Release|Any CPU = Release|Any CPU
	EndGlobalSection
	GlobalSection(ProjectConfigurationPlatforms) = postSolution
		{4A319864-7AC5-4929-B23A-31794C8C1BB2}.Debug|Any CPU.ActiveCfg = Debug|Any CPU
		{4A319864-7AC5-4929-B23A-31794C8C1BB2}.Debug|Any CPU.Build.0 = Debug|Any CPU
		{4A319864-7AC5-4929-B23A-31794C8C1BB2}.Release|Any CPU.ActiveCfg = Release|Any CPU
		{4A319864-7AC5-4929-B23A-31794C8C1BB2}.Release|Any CPU.Build.0 = Release|Any CPU
	EndGlobalSection
	GlobalSection(SolutionProperties) = preSolution
		HideSolutionNode = FALSE
	EndGlobalSection
	GlobalSection(ExtensibilityGlobals) = postSolution
		SolutionGuid = {6D6CB284-AB65-46F0-9C3C-D1B0319FBAA1}
	EndGlobalSection
EndGlobal
